
Microsoft Visual Studio Solution File, Format Version 12.00
# Visual Studio Version 16
VisualStudioVersion = 16.0.30717.126
MinimumVisualStudioVersion = 10.0.40219.1
Project("{FAE04EC0-301F-11D3-BF4B-00C04F79EFBC}") = "Moj Kviz", "Moj Kviz\Moj Kviz.csproj", "{AABF047F-CF4E-4933-ABF3-CE70B1AD1626}"
EndProject
Global
	GlobalSection(SolutionConfigurationPlatforms) = preSolution
		Debug|Any CPU = Debug|Any CPU
		Release|Any CPU = Release|Any CPU
	EndGlobalSection
	GlobalSection(ProjectConfigurationPlatforms) = postSolution
		{AABF047F-CF4E-4933-ABF3-CE70B1AD1626}.Debug|Any CPU.ActiveCfg = Debug|Any CPU
		{AABF047F-CF4E-4933-ABF3-CE70B1AD1626}.Debug|Any CPU.Build.0 = Debug|Any CPU
		{AABF047F-CF4E-4933-ABF3-CE70B1AD1626}.Release|Any CPU.ActiveCfg = Release|Any CPU
		{AABF047F-CF4E-4933-ABF3-CE70B1AD1626}.Release|Any CPU.Build.0 = Release|Any CPU
	EndGlobalSection
	GlobalSection(SolutionProperties) = preSolution
		HideSolutionNode = FALSE
	EndGlobalSection
	GlobalSection(ExtensibilityGlobals) = postSolution
		SolutionGuid = {3B1B98DD-94D1-4BFE-90BC-79A91E127087}
	EndGlobalSection
EndGlobal
